
Microsoft Visual Studio Solution File, Format Version 12.00
# Visual Studio Version 16
VisualStudioVersion = 16.0.30204.135
MinimumVisualStudioVersion = 10.0.40219.1
Project("{9A19103F-16F7-4668-BE54-9A1E7A4F7556}") = "ComputersClasses", "Computer\ComputersClasses.csproj", "{935BAE02-921F-47FC-B963-83053C9D9203}"
EndProject
Project("{9A19103F-16F7-4668-BE54-9A1E7A4F7556}") = "TechnologyTests", "TechnologyTests\TechnologyTests.csproj", "{AF6994DF-7E90-40AD-A242-CAEDE96F0981}"
EndProject
Project("{FAE04EC0-301F-11D3-BF4B-00C04F79EFBC}") = "QuestionStudio", "QuestionStudio\QuestionStudio.csproj", "{A7B197B2-1443-4A27-A7E8-9625731547F4}"
EndProject
Global
	GlobalSection(SolutionConfigurationPlatforms) = preSolution
		Debug|Any CPU = Debug|Any CPU
		Release|Any CPU = Release|Any CPU
	EndGlobalSection
	GlobalSection(ProjectConfigurationPlatforms) = postSolution
		{935BAE02-921F-47FC-B963-83053C9D9203}.Debug|Any CPU.ActiveCfg = Debug|Any CPU
		{935BAE02-921F-47FC-B963-83053C9D9203}.Debug|Any CPU.Build.0 = Debug|Any CPU
		{935BAE02-921F-47FC-B963-83053C9D9203}.Release|Any CPU.ActiveCfg = Release|Any CPU
		{935BAE02-921F-47FC-B963-83053C9D9203}.Release|Any CPU.Build.0 = Release|Any CPU
		{AF6994DF-7E90-40AD-A242-CAEDE96F0981}.Debug|Any CPU.ActiveCfg = Debug|Any CPU
		{AF6994DF-7E90-40AD-A242-CAEDE96F0981}.Debug|Any CPU.Build.0 = Debug|Any CPU
		{AF6994DF-7E90-40AD-A242-CAEDE96F0981}.Release|Any CPU.ActiveCfg = Release|Any CPU
		{AF6994DF-7E90-40AD-A242-CAEDE96F0981}.Release|Any CPU.Build.0 = Release|Any CPU
		{A7B197B2-1443-4A27-A7E8-9625731547F4}.Debug|Any CPU.ActiveCfg = Debug|Any CPU
		{A7B197B2-1443-4A27-A7E8-9625731547F4}.Debug|Any CPU.Build.0 = Debug|Any CPU
		{A7B197B2-1443-4A27-A7E8-9625731547F4}.Release|Any CPU.ActiveCfg = Release|Any CPU
		{A7B197B2-1443-4A27-A7E8-9625731547F4}.Release|Any CPU.Build.0 = Release|Any CPU
	EndGlobalSection
	GlobalSection(SolutionProperties) = preSolution
		HideSolutionNode = FALSE
	EndGlobalSection
	GlobalSection(ExtensibilityGlobals) = postSolution
		SolutionGuid = {855232F6-ADAA-4584-9307-FFC2CA62FEDE}
	EndGlobalSection
EndGlobal
